
Microsoft Visual Studio Solution File, Format Version 12.00
# Visual Studio Version 17
VisualStudioVersion = 17.9.34622.214
MinimumVisualStudioVersion = 10.0.40219.1
Project("{9A19103F-16F7-4668-BE54-9A1E7A4F7556}") = "Training.BusinessLogic.UOW", "Training.BusinessLogic.UOW\Training.BusinessLogic.UOW.csproj", "{E73507D2-6706-412E-A1C5-F40A00E133D0}"
EndProject
Project("{9A19103F-16F7-4668-BE54-9A1E7A4F7556}") = "Training.BusinessLogic.TestConsole", "Training.BusinessLogic.TestConsole\Training.BusinessLogic.TestConsole.csproj", "{9CDF8F1D-1714-47D7-93D0-97E15CCF8363}"
EndProject
Project("{9A19103F-16F7-4668-BE54-9A1E7A4F7556}") = "Training.BusinessLogic.Spielstaetten", "Training.BusinessLogic.Spielstaetten\Training.BusinessLogic.Spielstaetten.csproj", "{4FF92AB0-6D67-4433-8422-402EA829CF17}"
EndProject
Project("{FAE04EC0-301F-11D3-BF4B-00C04F79EFBC}") = "Training.BusinessLogic.Einstellungen", "Training.BusinessLogic.Einstellungen\Training.BusinessLogic.Einstellungen.csproj", "{011710DB-F90F-4E5F-BD6E-4C8F892AAC03}"
EndProject
Project("{FAE04EC0-301F-11D3-BF4B-00C04F79EFBC}") = "Training.BusinessLogic.Gebucht", "Training.BusinessLogic.Gebucht\Training.BusinessLogic.Gebucht.csproj", "{2BC40F35-80FE-4EDB-835F-C15CEBC2869B}"
EndProject
Project("{FAE04EC0-301F-11D3-BF4B-00C04F79EFBC}") = "Training.BusinessLogic.Kunden", "Training.BusinessLogic.Kunden\Training.BusinessLogic.Kunden.csproj", "{CCC74D12-20E3-43C4-81DA-166A248E8F35}"
EndProject
Project("{FAE04EC0-301F-11D3-BF4B-00C04F79EFBC}") = "Training.BusinessLogic.Engelmann", "Training.BusinessLogic.Engelmann\Training.BusinessLogic.Engelmann.csproj", "{B779ECB6-658A-4C88-98B0-638979A68B02}"
EndProject
Project("{FAE04EC0-301F-11D3-BF4B-00C04F79EFBC}") = "Training.BusinessLogic.Zeiterfassung", "Training.BusinessLogic.Zeiterfassung\Training.BusinessLogic.Zeiterfassung.csproj", "{A77F7CD3-20A0-492C-B279-56A2B0397305}"
EndProject
Project("{FAE04EC0-301F-11D3-BF4B-00C04F79EFBC}") = "Training.BusinessLogic.ZeitenKalender", "Training.BusinessLogic.ZeitenKalender\Training.BusinessLogic.ZeitenKalender.csproj", "{6324B657-A6BA-423A-894A-B18AD351CFA3}"
EndProject
Project("{FAE04EC0-301F-11D3-BF4B-00C04F79EFBC}") = "Training.BusinessLogic.Kassa.Spielstaette", "Training.BusinessLogic.Kassa.Spielstaette\Training.BusinessLogic.Kassa.Spielstaette.csproj", "{0BCF0A1C-AA2C-40F6-A01B-68991F543828}"
EndProject
Project("{FAE04EC0-301F-11D3-BF4B-00C04F79EFBC}") = "Training.BusinessLogic.Kassa.Frequenzschein", "Training.BusinessLogic.Kassa.Frequenzschein\Training.BusinessLogic.Kassa.Frequenzschein.csproj", "{EF633296-BCCC-4223-AB2E-64B2E5916D1F}"
EndProject
Project("{FAE04EC0-301F-11D3-BF4B-00C04F79EFBC}") = "Training.BusinessLogic.Lokal.ZutrittErlaubt", "Training.BusinessLogic.Lokal.ZutrittErlaubt\Training.BusinessLogic.Lokal.ZutrittErlaubt.csproj", "{12C2DC74-ADD9-45E0-8270-12AE52D6B9B3}"
EndProject
Project("{FAE04EC0-301F-11D3-BF4B-00C04F79EFBC}") = "Training.BusinessLogic.Lokal.Spielstaetten", "Training.BusinessLogic.Lokal.Spielstaetten\Training.BusinessLogic.Lokal.Spielstaetten.csproj", "{A2734996-D139-4D61-8802-A64724798014}"
EndProject
Project("{FAE04EC0-301F-11D3-BF4B-00C04F79EFBC}") = "Training.BusinessLogic.Sync", "Training.BusinessLogic.Sync\Training.BusinessLogic.Sync.csproj", "{B5E90E1A-7141-440E-91E8-0B1BBCBB88B5}"
EndProject
Project("{FAE04EC0-301F-11D3-BF4B-00C04F79EFBC}") = "Training.BusinessLogic.Shared", "Training.BusinessLogic.Shared\Training.BusinessLogic.Shared.csproj", "{ED1B72B5-C9A4-4082-B466-704DC34CB827}"
EndProject
Project("{FAE04EC0-301F-11D3-BF4B-00C04F79EFBC}") = "Training.BusinessLogic.Artikel", "Training.BusinessLogic.Artikel\Training.BusinessLogic.Artikel.csproj", "{488A36EA-33F7-4601-AE61-23FF43A381E1}"
EndProject
Project("{FAE04EC0-301F-11D3-BF4B-00C04F79EFBC}") = "Training.BusinessLogic.Belegungsart", "Training.BusinessLogic.Belegungsart\Training.BusinessLogic.Belegungsart.csproj", "{67CE3295-DC8E-4666-9D17-05A6FDAD43F1}"
EndProject
Project("{FAE04EC0-301F-11D3-BF4B-00C04F79EFBC}") = "Training.BusinessLogic.ParkplatzERS", "Training.BusinessLogic.ParkplatzERS\Training.BusinessLogic.ParkplatzERS.csproj", "{3415F667-ADB6-4EF3-BA5C-7484C7B58D72}"
EndProject
Global
	GlobalSection(SolutionConfigurationPlatforms) = preSolution
		Debug|Any CPU = Debug|Any CPU
		Release|Any CPU = Release|Any CPU
	EndGlobalSection
	GlobalSection(ProjectConfigurationPlatforms) = postSolution
		{E73507D2-6706-412E-A1C5-F40A00E133D0}.Debug|Any CPU.ActiveCfg = Debug|Any CPU
		{E73507D2-6706-412E-A1C5-F40A00E133D0}.Debug|Any CPU.Build.0 = Debug|Any CPU
		{E73507D2-6706-412E-A1C5-F40A00E133D0}.Release|Any CPU.ActiveCfg = Release|Any CPU
		{E73507D2-6706-412E-A1C5-F40A00E133D0}.Release|Any CPU.Build.0 = Release|Any CPU
		{9CDF8F1D-1714-47D7-93D0-97E15CCF8363}.Debug|Any CPU.ActiveCfg = Debug|Any CPU
		{9CDF8F1D-1714-47D7-93D0-97E15CCF8363}.Debug|Any CPU.Build.0 = Debug|Any CPU
		{9CDF8F1D-1714-47D7-93D0-97E15CCF8363}.Release|Any CPU.ActiveCfg = Release|Any CPU
		{9CDF8F1D-1714-47D7-93D0-97E15CCF8363}.Release|Any CPU.Build.0 = Release|Any CPU
		{4FF92AB0-6D67-4433-8422-402EA829CF17}.Debug|Any CPU.ActiveCfg = Debug|Any CPU
		{4FF92AB0-6D67-4433-8422-402EA829CF17}.Debug|Any CPU.Build.0 = Debug|Any CPU
		{4FF92AB0-6D67-4433-8422-402EA829CF17}.Release|Any CPU.ActiveCfg = Release|Any CPU
		{4FF92AB0-6D67-4433-8422-402EA829CF17}.Release|Any CPU.Build.0 = Release|Any CPU
		{011710DB-F90F-4E5F-BD6E-4C8F892AAC03}.Debug|Any CPU.ActiveCfg = Debug|Any CPU
		{011710DB-F90F-4E5F-BD6E-4C8F892AAC03}.Debug|Any CPU.Build.0 = Debug|Any CPU
		{011710DB-F90F-4E5F-BD6E-4C8F892AAC03}.Release|Any CPU.ActiveCfg = Release|Any CPU
		{011710DB-F90F-4E5F-BD6E-4C8F892AAC03}.Release|Any CPU.Build.0 = Release|Any CPU
		{2BC40F35-80FE-4EDB-835F-C15CEBC2869B}.Debug|Any CPU.ActiveCfg = Debug|Any CPU
		{2BC40F35-80FE-4EDB-835F-C15CEBC2869B}.Debug|Any CPU.Build.0 = Debug|Any CPU
		{2BC40F35-80FE-4EDB-835F-C15CEBC2869B}.Release|Any CPU.ActiveCfg = Release|Any CPU
		{2BC40F35-80FE-4EDB-835F-C15CEBC2869B}.Release|Any CPU.Build.0 = Release|Any CPU
		{CCC74D12-20E3-43C4-81DA-166A248E8F35}.Debug|Any CPU.ActiveCfg = Debug|Any CPU
		{CCC74D12-20E3-43C4-81DA-166A248E8F35}.Debug|Any CPU.Build.0 = Debug|Any CPU
		{CCC74D12-20E3-43C4-81DA-166A248E8F35}.Release|Any CPU.ActiveCfg = Release|Any CPU
		{CCC74D12-20E3-43C4-81DA-166A248E8F35}.Release|Any CPU.Build.0 = Release|Any CPU
		{B779ECB6-658A-4C88-98B0-638979A68B02}.Debug|Any CPU.ActiveCfg = Debug|Any CPU
		{B779ECB6-658A-4C88-98B0-638979A68B02}.Debug|Any CPU.Build.0 = Debug|Any CPU
		{B779ECB6-658A-4C88-98B0-638979A68B02}.Release|Any CPU.ActiveCfg = Release|Any CPU
		{B779ECB6-658A-4C88-98B0-638979A68B02}.Release|Any CPU.Build.0 = Release|Any CPU
		{A77F7CD3-20A0-492C-B279-56A2B0397305}.Debug|Any CPU.ActiveCfg = Debug|Any CPU
		{A77F7CD3-20A0-492C-B279-56A2B0397305}.Debug|Any CPU.Build.0 = Debug|Any CPU
		{A77F7CD3-20A0-492C-B279-56A2B0397305}.Release|Any CPU.ActiveCfg = Release|Any CPU
		{A77F7CD3-20A0-492C-B279-56A2B0397305}.Release|Any CPU.Build.0 = Release|Any CPU
		{6324B657-A6BA-423A-894A-B18AD351CFA3}.Debug|Any CPU.ActiveCfg = Debug|Any CPU
		{6324B657-A6BA-423A-894A-B18AD351CFA3}.Debug|Any CPU.Build.0 = Debug|Any CPU
		{6324B657-A6BA-423A-894A-B18AD351CFA3}.Release|Any CPU.ActiveCfg = Release|Any CPU
		{6324B657-A6BA-423A-894A-B18AD351CFA3}.Release|Any CPU.Build.0 = Release|Any CPU
		{0BCF0A1C-AA2C-40F6-A01B-68991F543828}.Debug|Any CPU.ActiveCfg = Debug|Any CPU
		{0BCF0A1C-AA2C-40F6-A01B-68991F543828}.Debug|Any CPU.Build.0 = Debug|Any CPU
		{0BCF0A1C-AA2C-40F6-A01B-68991F543828}.Release|Any CPU.ActiveCfg = Release|Any CPU
		{0BCF0A1C-AA2C-40F6-A01B-68991F543828}.Release|Any CPU.Build.0 = Release|Any CPU
		{EF633296-BCCC-4223-AB2E-64B2E5916D1F}.Debug|Any CPU.ActiveCfg = Debug|Any CPU
		{EF633296-BCCC-4223-AB2E-64B2E5916D1F}.Debug|Any CPU.Build.0 = Debug|Any CPU
		{EF633296-BCCC-4223-AB2E-64B2E5916D1F}.Release|Any CPU.ActiveCfg = Release|Any CPU
		{EF633296-BCCC-4223-AB2E-64B2E5916D1F}.Release|Any CPU.Build.0 = Release|Any CPU
		{12C2DC74-ADD9-45E0-8270-12AE52D6B9B3}.Debug|Any CPU.ActiveCfg = Debug|Any CPU
		{12C2DC74-ADD9-45E0-8270-12AE52D6B9B3}.Debug|Any CPU.Build.0 = Debug|Any CPU
		{12C2DC74-ADD9-45E0-8270-12AE52D6B9B3}.Release|Any CPU.ActiveCfg = Release|Any CPU
		{12C2DC74-ADD9-45E0-8270-12AE52D6B9B3}.Release|Any CPU.Build.0 = Release|Any CPU
		{A2734996-D139-4D61-8802-A64724798014}.Debug|Any CPU.ActiveCfg = Debug|Any CPU
		{A2734996-D139-4D61-8802-A64724798014}.Debug|Any CPU.Build.0 = Debug|Any CPU
		{A2734996-D139-4D61-8802-A64724798014}.Release|Any CPU.ActiveCfg = Release|Any CPU
		{A2734996-D139-4D61-8802-A64724798014}.Release|Any CPU.Build.0 = Release|Any CPU
		{B5E90E1A-7141-440E-91E8-0B1BBCBB88B5}.Debug|Any CPU.ActiveCfg = Debug|Any CPU
		{B5E90E1A-7141-440E-91E8-0B1BBCBB88B5}.Debug|Any CPU.Build.0 = Debug|Any CPU
		{B5E90E1A-7141-440E-91E8-0B1BBCBB88B5}.Release|Any CPU.ActiveCfg = Release|Any CPU
		{B5E90E1A-7141-440E-91E8-0B1BBCBB88B5}.Release|Any CPU.Build.0 = Release|Any CPU
		{ED1B72B5-C9A4-4082-B466-704DC34CB827}.Debug|Any CPU.ActiveCfg = Debug|Any CPU
		{ED1B72B5-C9A4-4082-B466-704DC34CB827}.Debug|Any CPU.Build.0 = Debug|Any CPU
		{ED1B72B5-C9A4-4082-B466-704DC34CB827}.Release|Any CPU.ActiveCfg = Release|Any CPU
		{ED1B72B5-C9A4-4082-B466-704DC34CB827}.Release|Any CPU.Build.0 = Release|Any CPU
		{488A36EA-33F7-4601-AE61-23FF43A381E1}.Debug|Any CPU.ActiveCfg = Debug|Any CPU
		{488A36EA-33F7-4601-AE61-23FF43A381E1}.Debug|Any CPU.Build.0 = Debug|Any CPU
		{488A36EA-33F7-4601-AE61-23FF43A381E1}.Release|Any CPU.ActiveCfg = Release|Any CPU
		{488A36EA-33F7-4601-AE61-23FF43A381E1}.Release|Any CPU.Build.0 = Release|Any CPU
		{67CE3295-DC8E-4666-9D17-05A6FDAD43F1}.Debug|Any CPU.ActiveCfg = Debug|Any CPU
		{67CE3295-DC8E-4666-9D17-05A6FDAD43F1}.Debug|Any CPU.Build.0 = Debug|Any CPU
		{67CE3295-DC8E-4666-9D17-05A6FDAD43F1}.Release|Any CPU.ActiveCfg = Release|Any CPU
		{67CE3295-DC8E-4666-9D17-05A6FDAD43F1}.Release|Any CPU.Build.0 = Release|Any CPU
		{3415F667-ADB6-4EF3-BA5C-7484C7B58D72}.Debug|Any CPU.ActiveCfg = Debug|Any CPU
		{3415F667-ADB6-4EF3-BA5C-7484C7B58D72}.Debug|Any CPU.Build.0 = Debug|Any CPU
		{3415F667-ADB6-4EF3-BA5C-7484C7B58D72}.Release|Any CPU.ActiveCfg = Release|Any CPU
		{3415F667-ADB6-4EF3-BA5C-7484C7B58D72}.Release|Any CPU.Build.0 = Release|Any CPU
	EndGlobalSection
	GlobalSection(SolutionProperties) = preSolution
		HideSolutionNode = FALSE
	EndGlobalSection
	GlobalSection(ExtensibilityGlobals) = postSolution
		SolutionGuid = {00409CB3-8F26-4F8F-B85E-07410EAC0BB1}
	EndGlobalSection
EndGlobal
